
Microsoft Visual Studio Solution File, Format Version 12.00
# Visual Studio Version 17
VisualStudioVersion = 17.4.33103.184
MinimumVisualStudioVersion = 10.0.40219.1
Project("{FAE04EC0-301F-11D3-BF4B-00C04F79EFBC}") = "GameShopAPI", "GameShopAPI\GameShopAPI.csproj", "{5C05F1F8-8BBE-46C9-91A8-061246C43E26}"
EndProject
Project("{FAE04EC0-301F-11D3-BF4B-00C04F79EFBC}") = "GameShopBI", "GameShopBI\GameShopBI.csproj", "{309497B9-2688-4C5B-9677-FA1725718D0A}"
EndProject
Project("{FAE04EC0-301F-11D3-BF4B-00C04F79EFBC}") = "GameShopDA", "GameShopDA\GameShopDA.csproj", "{D45345B1-CD39-4E49-9C1B-3B0B9D4962E1}"
EndProject
Global
	GlobalSection(SolutionConfigurationPlatforms) = preSolution
		Debug|Any CPU = Debug|Any CPU
		Release|Any CPU = Release|Any CPU
	EndGlobalSection
	GlobalSection(ProjectConfigurationPlatforms) = postSolution
		{5C05F1F8-8BBE-46C9-91A8-061246C43E26}.Debug|Any CPU.ActiveCfg = Debug|Any CPU
		{5C05F1F8-8BBE-46C9-91A8-061246C43E26}.Debug|Any CPU.Build.0 = Debug|Any CPU
		{5C05F1F8-8BBE-46C9-91A8-061246C43E26}.Release|Any CPU.ActiveCfg = Release|Any CPU
		{5C05F1F8-8BBE-46C9-91A8-061246C43E26}.Release|Any CPU.Build.0 = Release|Any CPU
		{309497B9-2688-4C5B-9677-FA1725718D0A}.Debug|Any CPU.ActiveCfg = Debug|Any CPU
		{309497B9-2688-4C5B-9677-FA1725718D0A}.Debug|Any CPU.Build.0 = Debug|Any CPU
		{309497B9-2688-4C5B-9677-FA1725718D0A}.Release|Any CPU.ActiveCfg = Release|Any CPU
		{309497B9-2688-4C5B-9677-FA1725718D0A}.Release|Any CPU.Build.0 = Release|Any CPU
		{D45345B1-CD39-4E49-9C1B-3B0B9D4962E1}.Debug|Any CPU.ActiveCfg = Debug|Any CPU
		{D45345B1-CD39-4E49-9C1B-3B0B9D4962E1}.Debug|Any CPU.Build.0 = Debug|Any CPU
		{D45345B1-CD39-4E49-9C1B-3B0B9D4962E1}.Release|Any CPU.ActiveCfg = Release|Any CPU
		{D45345B1-CD39-4E49-9C1B-3B0B9D4962E1}.Release|Any CPU.Build.0 = Release|Any CPU
	EndGlobalSection
	GlobalSection(SolutionProperties) = preSolution
		HideSolutionNode = FALSE
	EndGlobalSection
	GlobalSection(ExtensibilityGlobals) = postSolution
		SolutionGuid = {A00F53CD-C659-4641-A706-5D1D70467216}
	EndGlobalSection
EndGlobal
